
Microsoft Visual Studio Solution File, Format Version 12.00
# Visual Studio Version 17
VisualStudioVersion = 17.0.31903.59
MinimumVisualStudioVersion = 10.0.40219.1
Project("{FAE04EC0-301F-11D3-BF4B-00C04F79EFBC}") = "kafka.producer", "kafka.producer\kafka.producer.csproj", "{A174D759-8C7E-4E74-A5C5-3956516125B8}"
EndProject
Project("{FAE04EC0-301F-11D3-BF4B-00C04F79EFBC}") = "kafka.consumer", "kafka.consumer\kafka.consumer.csproj", "{A3605E5C-CAAB-408C-91AA-EB3FB4768B66}"
EndProject
Global
	GlobalSection(SolutionConfigurationPlatforms) = preSolution
		Debug|Any CPU = Debug|Any CPU
		Release|Any CPU = Release|Any CPU
	EndGlobalSection
	GlobalSection(SolutionProperties) = preSolution
		HideSolutionNode = FALSE
	EndGlobalSection
	GlobalSection(ProjectConfigurationPlatforms) = postSolution
		{A174D759-8C7E-4E74-A5C5-3956516125B8}.Debug|Any CPU.ActiveCfg = Debug|Any CPU
		{A174D759-8C7E-4E74-A5C5-3956516125B8}.Debug|Any CPU.Build.0 = Debug|Any CPU
		{A174D759-8C7E-4E74-A5C5-3956516125B8}.Release|Any CPU.ActiveCfg = Release|Any CPU
		{A174D759-8C7E-4E74-A5C5-3956516125B8}.Release|Any CPU.Build.0 = Release|Any CPU
		{A3605E5C-CAAB-408C-91AA-EB3FB4768B66}.Debug|Any CPU.ActiveCfg = Debug|Any CPU
		{A3605E5C-CAAB-408C-91AA-EB3FB4768B66}.Debug|Any CPU.Build.0 = Debug|Any CPU
		{A3605E5C-CAAB-408C-91AA-EB3FB4768B66}.Release|Any CPU.ActiveCfg = Release|Any CPU
		{A3605E5C-CAAB-408C-91AA-EB3FB4768B66}.Release|Any CPU.Build.0 = Release|Any CPU
	EndGlobalSection
EndGlobal
